
Microsoft Visual Studio Solution File, Format Version 12.00
# Visual Studio Version 17
VisualStudioVersion = 17.11.35222.181
MinimumVisualStudioVersion = 10.0.40219.1
Project("{FAE04EC0-301F-11D3-BF4B-00C04F79EFBC}") = "Hello World", "Hello World.csproj", "{B63A0EAD-5C09-4240-BB75-06EE3DFA0DEA}"
EndProject
Global
	GlobalSection(SolutionConfigurationPlatforms) = preSolution
		Debug|Any CPU = Debug|Any CPU
		Release|Any CPU = Release|Any CPU
	EndGlobalSection
	GlobalSection(ProjectConfigurationPlatforms) = postSolution
		{B63A0EAD-5C09-4240-BB75-06EE3DFA0DEA}.Debug|Any CPU.ActiveCfg = Debug|Any CPU
		{B63A0EAD-5C09-4240-BB75-06EE3DFA0DEA}.Debug|Any CPU.Build.0 = Debug|Any CPU
		{B63A0EAD-5C09-4240-BB75-06EE3DFA0DEA}.Release|Any CPU.ActiveCfg = Release|Any CPU
		{B63A0EAD-5C09-4240-BB75-06EE3DFA0DEA}.Release|Any CPU.Build.0 = Release|Any CPU
	EndGlobalSection
	GlobalSection(SolutionProperties) = preSolution
		HideSolutionNode = FALSE
	EndGlobalSection
	GlobalSection(ExtensibilityGlobals) = postSolution
		SolutionGuid = {A6A74F17-E92A-42BD-9F1E-5D0DE997E815}
	EndGlobalSection
EndGlobal
